
Microsoft Visual Studio Solution File, Format Version 12.00
# Visual Studio Version 17
VisualStudioVersion = 17.2.32616.157
MinimumVisualStudioVersion = 10.0.40219.1
Project("{FAE04EC0-301F-11D3-BF4B-00C04F79EFBC}") = "Forms", "Forms\Forms.csproj", "{D540424D-CEF9-4298-A909-03B0DE3380A6}"
EndProject
Global
	GlobalSection(SolutionConfigurationPlatforms) = preSolution
		Debug|Any CPU = Debug|Any CPU
		Release|Any CPU = Release|Any CPU
	EndGlobalSection
	GlobalSection(ProjectConfigurationPlatforms) = postSolution
		{D540424D-CEF9-4298-A909-03B0DE3380A6}.Debug|Any CPU.ActiveCfg = Debug|Any CPU
		{D540424D-CEF9-4298-A909-03B0DE3380A6}.Debug|Any CPU.Build.0 = Debug|Any CPU
		{D540424D-CEF9-4298-A909-03B0DE3380A6}.Release|Any CPU.ActiveCfg = Release|Any CPU
		{D540424D-CEF9-4298-A909-03B0DE3380A6}.Release|Any CPU.Build.0 = Release|Any CPU
	EndGlobalSection
	GlobalSection(SolutionProperties) = preSolution
		HideSolutionNode = FALSE
	EndGlobalSection
	GlobalSection(ExtensibilityGlobals) = postSolution
		SolutionGuid = {C306C870-10D0-40E7-AA3C-47F3154EFE69}
	EndGlobalSection
EndGlobal
